// !$*UTF8*$!
{
	archiveVersion = 1;
	classes = {
	};
	objectVersion = 46;
	objects = {

/* Begin PBXBuildFile section */
		A954444E1642519600AF89C9 /* calendar.png in Resources */ = {isa = PBXBuildFile; fileRef = A954444B1642519600AF89C9 /* calendar.png */; };
		A954444F1642519600AF89C9 /* mug.png in Resources */ = {isa = PBXBuildFile; fileRef = A954444C1642519600AF89C9 /* mug.png */; };
		A95444501642519600AF89C9 /* thermo.png in Resources */ = {isa = PBXBuildFile; fileRef = A954444D1642519600AF89C9 /* thermo.png */; };
		A954EC5B1641A0C300DD4DAD /* basket.png in Resources */ = {isa = PBXBuildFile; fileRef = A954EC581641A0C300DD4DAD /* basket.png */; };
		A954EC5C1641A0C300DD4DAD /* jogger.png in Resources */ = {isa = PBXBuildFile; fileRef = A954EC591641A0C300DD4DAD /* jogger.png */; };
		A954EC5D1641A0C300DD4DAD /* runner.png in Resources */ = {isa = PBXBuildFile; fileRef = A954EC5A1641A0C300DD4DAD /* runner.png */; };
		A98C6BCB16401CD60059996C /* SystemConfiguration.framework in Frameworks */ = {isa = PBXBuildFile; fileRef = A98C6BC916401CC20059996C /* SystemConfiguration.framework */; };
		A98C6BD8164021B80059996C /* Reachability.m in Sources */ = {isa = PBXBuildFile; fileRef = A98C6BD7164021B80059996C /* Reachability.m */; };
		A98C6BDC164028FD0059996C /* JBMissionsViewController.m in Sources */ = {isa = PBXBuildFile; fileRef = A98C6BDA164028FD0059996C /* JBMissionsViewController.m */; };
		A98C6BDD164028FD0059996C /* JBMissionsViewController.xib in Resources */ = {isa = PBXBuildFile; fileRef = A98C6BDB164028FD0059996C /* JBMissionsViewController.xib */; };
		A98C6BE1164029AC0059996C /* JBMissionDetailsViewController.m in Sources */ = {isa = PBXBuildFile; fileRef = A98C6BDF164029AC0059996C /* JBMissionDetailsViewController.m */; };
		A98C6BE2164029AC0059996C /* JBMissionDetailsViewController.xib in Resources */ = {isa = PBXBuildFile; fileRef = A98C6BE0164029AC0059996C /* JBMissionDetailsViewController.xib */; };
		A98C6BE516402EDB0059996C /* JBMission.m in Sources */ = {isa = PBXBuildFile; fileRef = A98C6BE416402EDB0059996C /* JBMission.m */; };
		A98C6BE8164030020059996C /* JBMissionCell.xib in Resources */ = {isa = PBXBuildFile; fileRef = A98C6BE7164030020059996C /* JBMissionCell.xib */; };
		A98C6BEC164030750059996C /* JBMissionCell.m in Sources */ = {isa = PBXBuildFile; fileRef = A98C6BEB164030750059996C /* JBMissionCell.m */; };
		A9BD3F651640178000D8BAAA /* UIKit.framework in Frameworks */ = {isa = PBXBuildFile; fileRef = A9BD3F641640178000D8BAAA /* UIKit.framework */; };
		A9BD3F671640178000D8BAAA /* Foundation.framework in Frameworks */ = {isa = PBXBuildFile; fileRef = A9BD3F661640178000D8BAAA /* Foundation.framework */; };
		A9BD3F691640178000D8BAAA /* CoreGraphics.framework in Frameworks */ = {isa = PBXBuildFile; fileRef = A9BD3F681640178000D8BAAA /* CoreGraphics.framework */; };
		A9BD3F6F1640178000D8BAAA /* InfoPlist.strings in Resources */ = {isa = PBXBuildFile; fileRef = A9BD3F6D1640178000D8BAAA /* InfoPlist.strings */; };
		A9BD3F711640178000D8BAAA /* main.m in Sources */ = {isa = PBXBuildFile; fileRef = A9BD3F701640178000D8BAAA /* main.m */; };
		A9BD3F751640178000D8BAAA /* JBAppDelegate.m in Sources */ = {isa = PBXBuildFile; fileRef = A9BD3F741640178000D8BAAA /* JBAppDelegate.m */; };
		A9BD3F771640178000D8BAAA /* Default.png in Resources */ = {isa = PBXBuildFile; fileRef = A9BD3F761640178000D8BAAA /* Default.png */; };
		A9BD3F791640178000D8BAAA /* Default@2x.png in Resources */ = {isa = PBXBuildFile; fileRef = A9BD3F781640178000D8BAAA /* Default@2x.png */; };
		A9BD3F7B1640178000D8BAAA /* Default-568h@2x.png in Resources */ = {isa = PBXBuildFile; fileRef = A9BD3F7A1640178000D8BAAA /* Default-568h@2x.png */; };
		A9BD3F831640178000D8BAAA /* SenTestingKit.framework in Frameworks */ = {isa = PBXBuildFile; fileRef = A9BD3F821640178000D8BAAA /* SenTestingKit.framework */; };
		A9BD3F841640178000D8BAAA /* UIKit.framework in Frameworks */ = {isa = PBXBuildFile; fileRef = A9BD3F641640178000D8BAAA /* UIKit.framework */; };
		A9BD3F851640178000D8BAAA /* Foundation.framework in Frameworks */ = {isa = PBXBuildFile; fileRef = A9BD3F661640178000D8BAAA /* Foundation.framework */; };
		A9BD3F8D1640178000D8BAAA /* InfoPlist.strings in Resources */ = {isa = PBXBuildFile; fileRef = A9BD3F8B1640178000D8BAAA /* InfoPlist.strings */; };
		A9BD3F901640178000D8BAAA /* iOS_KickstarterTests.m in Sources */ = {isa = PBXBuildFile; fileRef = A9BD3F8F1640178000D8BAAA /* iOS_KickstarterTests.m */; };
		A9BD3F9F164017C100D8BAAA /* JBAboutAppViewController.xib in Resources */ = {isa = PBXBuildFile; fileRef = A9BD3F9B164017C100D8BAAA /* JBAboutAppViewController.xib */; };
		A9BD3FA0164017C100D8BAAA /* JBAccessoriesDetailViewController.xib in Resources */ = {isa = PBXBuildFile; fileRef = A9BD3F9C164017C100D8BAAA /* JBAccessoriesDetailViewController.xib */; };
		A9BD3FA1164017C100D8BAAA /* JBAccessoriesViewController.xib in Resources */ = {isa = PBXBuildFile; fileRef = A9BD3F9D164017C100D8BAAA /* JBAccessoriesViewController.xib */; };
		A9BD3FA2164017C100D8BAAA /* JBDashboardViewController.xib in Resources */ = {isa = PBXBuildFile; fileRef = A9BD3F9E164017C100D8BAAA /* JBDashboardViewController.xib */; };
		A9BD3FAD164017DA00D8BAAA /* JBAboutAppViewController.m in Sources */ = {isa = PBXBuildFile; fileRef = A9BD3FA8164017DA00D8BAAA /* JBAboutAppViewController.m */; };
		A9BD3FAE164017DA00D8BAAA /* JBAccessoriesDetailViewController.m in Sources */ = {isa = PBXBuildFile; fileRef = A9BD3FA9164017DA00D8BAAA /* JBAccessoriesDetailViewController.m */; };
		A9BD3FAF164017DA00D8BAAA /* JBAccessoriesViewController.m in Sources */ = {isa = PBXBuildFile; fileRef = A9BD3FAA164017DA00D8BAAA /* JBAccessoriesViewController.m */; };
		A9BD3FB0164017DA00D8BAAA /* JBAccessory.m in Sources */ = {isa = PBXBuildFile; fileRef = A9BD3FAB164017DA00D8BAAA /* JBAccessory.m */; };
		A9BD3FB1164017DA00D8BAAA /* JBDashboardViewController.m in Sources */ = {isa = PBXBuildFile; fileRef = A9BD3FAC164017DA00D8BAAA /* JBDashboardViewController.m */; };
		A9BD3FB41640181400D8BAAA /* tamagotchi.jpg in Resources */ = {isa = PBXBuildFile; fileRef = A9BD3FB31640181400D8BAAA /* tamagotchi.jpg */; };
		A9BD3FB5164018A000D8BAAA /* JBAboutAppViewController.m in Sources */ = {isa = PBXBuildFile; fileRef = A9BD3FA8164017DA00D8BAAA /* JBAboutAppViewController.m */; };
		A9BD3FB6164018A000D8BAAA /* JBAccessoriesDetailViewController.m in Sources */ = {isa = PBXBuildFile; fileRef = A9BD3FA9164017DA00D8BAAA /* JBAccessoriesDetailViewController.m */; };
		A9BD3FB7164018A000D8BAAA /* JBAccessoriesViewController.m in Sources */ = {isa = PBXBuildFile; fileRef = A9BD3FAA164017DA00D8BAAA /* JBAccessoriesViewController.m */; };
		A9BD3FB8164018A000D8BAAA /* JBAccessory.m in Sources */ = {isa = PBXBuildFile; fileRef = A9BD3FAB164017DA00D8BAAA /* JBAccessory.m */; };
		A9BD3FB9164018A000D8BAAA /* JBDashboardViewController.m in Sources */ = {isa = PBXBuildFile; fileRef = A9BD3FAC164017DA00D8BAAA /* JBDashboardViewController.m */; };
		A9BD3FC41640194B00D8BAAA /* Localizable.strings in Resources */ = {isa = PBXBuildFile; fileRef = A9BD3FC61640194B00D8BAAA /* Localizable.strings */; };
/* End PBXBuildFile section */

/* Begin PBXContainerItemProxy section */
		A9BD3F861640178000D8BAAA /* PBXContainerItemProxy */ = {
			isa = PBXContainerItemProxy;
			containerPortal = A9BD3F571640178000D8BAAA /* Project object */;
			proxyType = 1;
			remoteGlobalIDString = A9BD3F5F1640178000D8BAAA;
			remoteInfo = "iOS Kickstarter";
		};
/* End PBXContainerItemProxy section */

/* Begin PBXFileReference section */
		A954444B1642519600AF89C9 /* calendar.png */ = {isa = PBXFileReference; lastKnownFileType = image.png; path = calendar.png; sourceTree = "<group>"; };
		A954444C1642519600AF89C9 /* mug.png */ = {isa = PBXFileReference; lastKnownFileType = image.png; path = mug.png; sourceTree = "<group>"; };
		A954444D1642519600AF89C9 /* thermo.png */ = {isa = PBXFileReference; lastKnownFileType = image.png; path = thermo.png; sourceTree = "<group>"; };
		A954EC581641A0C300DD4DAD /* basket.png */ = {isa = PBXFileReference; lastKnownFileType = image.png; path = basket.png; sourceTree = "<group>"; };
		A954EC591641A0C300DD4DAD /* jogger.png */ = {isa = PBXFileReference; lastKnownFileType = image.png; path = jogger.png; sourceTree = "<group>"; };
		A954EC5A1641A0C300DD4DAD /* runner.png */ = {isa = PBXFileReference; lastKnownFileType = image.png; path = runner.png; sourceTree = "<group>"; };
		A98C6BC916401CC20059996C /* SystemConfiguration.framework */ = {isa = PBXFileReference; lastKnownFileType = wrapper.framework; name = SystemConfiguration.framework; path = System/Library/Frameworks/SystemConfiguration.framework; sourceTree = SDKROOT; };
		A98C6BD6164021B80059996C /* Reachability.h */ = {isa = PBXFileReference; fileEncoding = 4; lastKnownFileType = sourcecode.c.h; path = Reachability.h; sourceTree = "<group>"; };
		A98C6BD7164021B80059996C /* Reachability.m */ = {isa = PBXFileReference; fileEncoding = 4; lastKnownFileType = sourcecode.c.objc; path = Reachability.m; sourceTree = "<group>"; };
		A98C6BD9164028FC0059996C /* JBMissionsViewController.h */ = {isa = PBXFileReference; fileEncoding = 4; lastKnownFileType = sourcecode.c.h; path = JBMissionsViewController.h; sourceTree = "<group>"; };
		A98C6BDA164028FD0059996C /* JBMissionsViewController.m */ = {isa = PBXFileReference; fileEncoding = 4; lastKnownFileType = sourcecode.c.objc; path = JBMissionsViewController.m; sourceTree = "<group>"; };
		A98C6BDB164028FD0059996C /* JBMissionsViewController.xib */ = {isa = PBXFileReference; fileEncoding = 4; lastKnownFileType = file.xib; path = JBMissionsViewController.xib; sourceTree = "<group>"; };
		A98C6BDE164029AC0059996C /* JBMissionDetailsViewController.h */ = {isa = PBXFileReference; fileEncoding = 4; lastKnownFileType = sourcecode.c.h; path = JBMissionDetailsViewController.h; sourceTree = "<group>"; };
		A98C6BDF164029AC0059996C /* JBMissionDetailsViewController.m */ = {isa = PBXFileReference; fileEncoding = 4; lastKnownFileType = sourcecode.c.objc; path = JBMissionDetailsViewController.m; sourceTree = "<group>"; };
		A98C6BE0164029AC0059996C /* JBMissionDetailsViewController.xib */ = {isa = PBXFileReference; fileEncoding = 4; lastKnownFileType = file.xib; path = JBMissionDetailsViewController.xib; sourceTree = "<group>"; };
		A98C6BE316402EDB0059996C /* JBMission.h */ = {isa = PBXFileReference; fileEncoding = 4; lastKnownFileType = sourcecode.c.h; path = JBMission.h; sourceTree = "<group>"; };
		A98C6BE416402EDB0059996C /* JBMission.m */ = {isa = PBXFileReference; fileEncoding = 4; lastKnownFileType = sourcecode.c.objc; path = JBMission.m; sourceTree = "<group>"; };
		A98C6BE7164030020059996C /* JBMissionCell.xib */ = {isa = PBXFileReference; fileEncoding = 4; lastKnownFileType = file.xib; path = JBMissionCell.xib; sourceTree = "<group>"; };
		A98C6BEA164030750059996C /* JBMissionCell.h */ = {isa = PBXFileReference; fileEncoding = 4; lastKnownFileType = sourcecode.c.h; path = JBMissionCell.h; sourceTree = "<group>"; };
		A98C6BEB164030750059996C /* JBMissionCell.m */ = {isa = PBXFileReference; fileEncoding = 4; lastKnownFileType = sourcecode.c.objc; path = JBMissionCell.m; sourceTree = "<group>"; };
		A9BD3F601640178000D8BAAA /* iOS Kickstarter.app */ = {isa = PBXFileReference; explicitFileType = wrapper.application; includeInIndex = 0; path = "iOS Kickstarter.app"; sourceTree = BUILT_PRODUCTS_DIR; };
		A9BD3F641640178000D8BAAA /* UIKit.framework */ = {isa = PBXFileReference; lastKnownFileType = wrapper.framework; name = UIKit.framework; path = System/Library/Frameworks/UIKit.framework; sourceTree = SDKROOT; };
		A9BD3F661640178000D8BAAA /* Foundation.framework */ = {isa = PBXFileReference; lastKnownFileType = wrapper.framework; name = Foundation.framework; path = System/Library/Frameworks/Foundation.framework; sourceTree = SDKROOT; };
		A9BD3F681640178000D8BAAA /* CoreGraphics.framework */ = {isa = PBXFileReference; lastKnownFileType = wrapper.framework; name = CoreGraphics.framework; path = System/Library/Frameworks/CoreGraphics.framework; sourceTree = SDKROOT; };
		A9BD3F6C1640178000D8BAAA /* iOS Kickstarter-Info.plist */ = {isa = PBXFileReference; lastKnownFileType = text.plist.xml; path = "iOS Kickstarter-Info.plist"; sourceTree = "<group>"; };
		A9BD3F6E1640178000D8BAAA /* en */ = {isa = PBXFileReference; lastKnownFileType = text.plist.strings; name = en; path = en.lproj/InfoPlist.strings; sourceTree = "<group>"; };
		A9BD3F701640178000D8BAAA /* main.m */ = {isa = PBXFileReference; lastKnownFileType = sourcecode.c.objc; path = main.m; sourceTree = "<group>"; };
		A9BD3F721640178000D8BAAA /* iOS Kickstarter-Prefix.pch */ = {isa = PBXFileReference; lastKnownFileType = sourcecode.c.h; path = "iOS Kickstarter-Prefix.pch"; sourceTree = "<group>"; };
		A9BD3F731640178000D8BAAA /* JBAppDelegate.h */ = {isa = PBXFileReference; lastKnownFileType = sourcecode.c.h; path = JBAppDelegate.h; sourceTree = "<group>"; };
		A9BD3F741640178000D8BAAA /* JBAppDelegate.m */ = {isa = PBXFileReference; lastKnownFileType = sourcecode.c.objc; path = JBAppDelegate.m; sourceTree = "<group>"; };
		A9BD3F761640178000D8BAAA /* Default.png */ = {isa = PBXFileReference; lastKnownFileType = image.png; path = Default.png; sourceTree = "<group>"; };
		A9BD3F781640178000D8BAAA /* Default@2x.png */ = {isa = PBXFileReference; lastKnownFileType = image.png; path = "Default@2x.png"; sourceTree = "<group>"; };
		A9BD3F7A1640178000D8BAAA /* Default-568h@2x.png */ = {isa = PBXFileReference; lastKnownFileType = image.png; path = "Default-568h@2x.png"; sourceTree = "<group>"; };
		A9BD3F811640178000D8BAAA /* iOS KickstarterTests.octest */ = {isa = PBXFileReference; explicitFileType = wrapper.cfbundle; includeInIndex = 0; path = "iOS KickstarterTests.octest"; sourceTree = BUILT_PRODUCTS_DIR; };
		A9BD3F821640178000D8BAAA /* SenTestingKit.framework */ = {isa = PBXFileReference; lastKnownFileType = wrapper.framework; name = SenTestingKit.framework; path = Library/Frameworks/SenTestingKit.framework; sourceTree = DEVELOPER_DIR; };
		A9BD3F8A1640178000D8BAAA /* iOS KickstarterTests-Info.plist */ = {isa = PBXFileReference; lastKnownFileType = text.plist.xml; path = "iOS KickstarterTests-Info.plist"; sourceTree = "<group>"; };
		A9BD3F8C1640178000D8BAAA /* en */ = {isa = PBXFileReference; lastKnownFileType = text.plist.strings; name = en; path = en.lproj/InfoPlist.strings; sourceTree = "<group>"; };
		A9BD3F8E1640178000D8BAAA /* iOS_KickstarterTests.h */ = {isa = PBXFileReference; lastKnownFileType = sourcecode.c.h; path = iOS_KickstarterTests.h; sourceTree = "<group>"; };
		A9BD3F8F1640178000D8BAAA /* iOS_KickstarterTests.m */ = {isa = PBXFileReference; lastKnownFileType = sourcecode.c.objc; path = iOS_KickstarterTests.m; sourceTree = "<group>"; };
		A9BD3F9B164017C100D8BAAA /* JBAboutAppViewController.xib */ = {isa = PBXFileReference; fileEncoding = 4; lastKnownFileType = file.xib; path = JBAboutAppViewController.xib; sourceTree = "<group>"; };
		A9BD3F9C164017C100D8BAAA /* JBAccessoriesDetailViewController.xib */ = {isa = PBXFileReference; fileEncoding = 4; lastKnownFileType = file.xib; path = JBAccessoriesDetailViewController.xib; sourceTree = "<group>"; };
		A9BD3F9D164017C100D8BAAA /* JBAccessoriesViewController.xib */ = {isa = PBXFileReference; fileEncoding = 4; lastKnownFileType = file.xib; path = JBAccessoriesViewController.xib; sourceTree = "<group>"; };
		A9BD3F9E164017C100D8BAAA /* JBDashboardViewController.xib */ = {isa = PBXFileReference; fileEncoding = 4; lastKnownFileType = file.xib; path = JBDashboardViewController.xib; sourceTree = "<group>"; };
		A9BD3FA3164017DA00D8BAAA /* JBAboutAppViewController.h */ = {isa = PBXFileReference; fileEncoding = 4; lastKnownFileType = sourcecode.c.h; path = JBAboutAppViewController.h; sourceTree = "<group>"; };
		A9BD3FA4164017DA00D8BAAA /* JBAccessoriesDetailViewController.h */ = {isa = PBXFileReference; fileEncoding = 4; lastKnownFileType = sourcecode.c.h; path = JBAccessoriesDetailViewController.h; sourceTree = "<group>"; };
		A9BD3FA5164017DA00D8BAAA /* JBAccessoriesViewController.h */ = {isa = PBXFileReference; fileEncoding = 4; lastKnownFileType = sourcecode.c.h; path = JBAccessoriesViewController.h; sourceTree = "<group>"; };
		A9BD3FA6164017DA00D8BAAA /* JBAccessory.h */ = {isa = PBXFileReference; fileEncoding = 4; lastKnownFileType = sourcecode.c.h; path = JBAccessory.h; sourceTree = "<group>"; };
		A9BD3FA7164017DA00D8BAAA /* JBDashboardViewController.h */ = {isa = PBXFileReference; fileEncoding = 4; lastKnownFileType = sourcecode.c.h; path = JBDashboardViewController.h; sourceTree = "<group>"; };
		A9BD3FA8164017DA00D8BAAA /* JBAboutAppViewController.m */ = {isa = PBXFileReference; fileEncoding = 4; lastKnownFileType = sourcecode.c.objc; path = JBAboutAppViewController.m; sourceTree = "<group>"; };
		A9BD3FA9164017DA00D8BAAA /* JBAccessoriesDetailViewController.m */ = {isa = PBXFileReference; fileEncoding = 4; lastKnownFileType = sourcecode.c.objc; path = JBAccessoriesDetailViewController.m; sourceTree = "<group>"; };
		A9BD3FAA164017DA00D8BAAA /* JBAccessoriesViewController.m */ = {isa = PBXFileReference; fileEncoding = 4; lastKnownFileType = sourcecode.c.objc; path = JBAccessoriesViewController.m; sourceTree = "<group>"; };
		A9BD3FAB164017DA00D8BAAA /* JBAccessory.m */ = {isa = PBXFileReference; fileEncoding = 4; lastKnownFileType = sourcecode.c.objc; path = JBAccessory.m; sourceTree = "<group>"; };
		A9BD3FAC164017DA00D8BAAA /* JBDashboardViewController.m */ = {isa = PBXFileReference; fileEncoding = 4; lastKnownFileType = sourcecode.c.objc; path = JBDashboardViewController.m; sourceTree = "<group>"; };
		A9BD3FB31640181400D8BAAA /* tamagotchi.jpg */ = {isa = PBXFileReference; lastKnownFileType = image.jpeg; path = tamagotchi.jpg; sourceTree = "<group>"; };
		A9BD3FC21640193600D8BAAA /* nb */ = {isa = PBXFileReference; lastKnownFileType = text.plist.strings; name = nb; path = nb.lproj/InfoPlist.strings; sourceTree = "<group>"; };
		A9BD3FC31640193600D8BAAA /* nb */ = {isa = PBXFileReference; lastKnownFileType = text.plist.strings; name = nb; path = nb.lproj/InfoPlist.strings; sourceTree = "<group>"; };
		A9BD3FC51640194B00D8BAAA /* nb */ = {isa = PBXFileReference; lastKnownFileType = text.plist.strings; name = nb; path = nb.lproj/Localizable.strings; sourceTree = "<group>"; };
		A9BD3FC71640195000D8BAAA /* en */ = {isa = PBXFileReference; lastKnownFileType = text.plist.strings; name = en; path = en.lproj/Localizable.strings; sourceTree = "<group>"; };
/* End PBXFileReference section */

/* Begin PBXFrameworksBuildPhase section */
		A9BD3F5D1640178000D8BAAA /* Frameworks */ = {
			isa = PBXFrameworksBuildPhase;
			buildActionMask = 2147483647;
			files = (
				A98C6BCB16401CD60059996C /* SystemConfiguration.framework in Frameworks */,
				A9BD3F651640178000D8BAAA /* UIKit.framework in Frameworks */,
				A9BD3F671640178000D8BAAA /* Foundation.framework in Frameworks */,
				A9BD3F691640178000D8BAAA /* CoreGraphics.framework in Frameworks */,
			);
			runOnlyForDeploymentPostprocessing = 0;
		};
		A9BD3F7D1640178000D8BAAA /* Frameworks */ = {
			isa = PBXFrameworksBuildPhase;
			buildActionMask = 2147483647;
			files = (
				A9BD3F831640178000D8BAAA /* SenTestingKit.framework in Frameworks */,
				A9BD3F841640178000D8BAAA /* UIKit.framework in Frameworks */,
				A9BD3F851640178000D8BAAA /* Foundation.framework in Frameworks */,
			);
			runOnlyForDeploymentPostprocessing = 0;
		};
/* End PBXFrameworksBuildPhase section */

/* Begin PBXGroup section */
		A95444491642518300AF89C9 /* Tab bar icons */ = {
			isa = PBXGroup;
			children = (
				A954444B1642519600AF89C9 /* calendar.png */,
				A954444C1642519600AF89C9 /* mug.png */,
				A954444D1642519600AF89C9 /* thermo.png */,
			);
			name = "Tab bar icons";
			sourceTree = "<group>";
		};
		A98C6BCC16401CF20059996C /* Reachability */ = {
			isa = PBXGroup;
			children = (
				A98C6BD6164021B80059996C /* Reachability.h */,
				A98C6BD7164021B80059996C /* Reachability.m */,
			);
			name = Reachability;
			sourceTree = "<group>";
		};
		A98C6BD516401ECD0059996C /* Model */ = {
			isa = PBXGroup;
			children = (
				A9BD3FA6164017DA00D8BAAA /* JBAccessory.h */,
				A9BD3FAB164017DA00D8BAAA /* JBAccessory.m */,
				A98C6BE316402EDB0059996C /* JBMission.h */,
				A98C6BE416402EDB0059996C /* JBMission.m */,
			);
			name = Model;
			sourceTree = "<group>";
		};
		A98C6BE616402FDE0059996C /* Custom Table Cells */ = {
			isa = PBXGroup;
			children = (
				A98C6BE7164030020059996C /* JBMissionCell.xib */,
			);
			name = "Custom Table Cells";
			sourceTree = "<group>";
		};
		A98C6BE9164030200059996C /* MissionCell */ = {
			isa = PBXGroup;
			children = (
				A98C6BEA164030750059996C /* JBMissionCell.h */,
				A98C6BEB164030750059996C /* JBMissionCell.m */,
			);
			name = MissionCell;
			sourceTree = "<group>";
		};
		A9BD3F551640178000D8BAAA = {
			isa = PBXGroup;
			children = (
				A9BD3F6A1640178000D8BAAA /* iOS Kickstarter */,
				A9BD3F881640178000D8BAAA /* iOS KickstarterTests */,
				A9BD3F631640178000D8BAAA /* Frameworks */,
				A9BD3F611640178000D8BAAA /* Products */,
			);
			sourceTree = "<group>";
		};
		A9BD3F611640178000D8BAAA /* Products */ = {
			isa = PBXGroup;
			children = (
				A9BD3F601640178000D8BAAA /* iOS Kickstarter.app */,
				A9BD3F811640178000D8BAAA /* iOS KickstarterTests.octest */,
			);
			name = Products;
			sourceTree = "<group>";
		};
		A9BD3F631640178000D8BAAA /* Frameworks */ = {
			isa = PBXGroup;
			children = (
				A98C6BC916401CC20059996C /* SystemConfiguration.framework */,
				A9BD3F641640178000D8BAAA /* UIKit.framework */,
				A9BD3F661640178000D8BAAA /* Foundation.framework */,
				A9BD3F681640178000D8BAAA /* CoreGraphics.framework */,
				A9BD3F821640178000D8BAAA /* SenTestingKit.framework */,
			);
			name = Frameworks;
			sourceTree = "<group>";
		};
		A9BD3F6A1640178000D8BAAA /* iOS Kickstarter */ = {
			isa = PBXGroup;
			children = (
				A98C6BD516401ECD0059996C /* Model */,
				A98C6BCC16401CF20059996C /* Reachability */,
				A9BD3F9A164017AA00D8BAAA /* Controllers */,
				A9BD3F99164017A000D8BAAA /* Views */,
				A9BD3F731640178000D8BAAA /* JBAppDelegate.h */,
				A9BD3F741640178000D8BAAA /* JBAppDelegate.m */,
				A9BD3F6B1640178000D8BAAA /* Supporting Files */,
			);
			path = "iOS Kickstarter";
			sourceTree = "<group>";
		};
		A9BD3F6B1640178000D8BAAA /* Supporting Files */ = {
			isa = PBXGroup;
			children = (
				A95444491642518300AF89C9 /* Tab bar icons */,
				A9BD3FC61640194B00D8BAAA /* Localizable.strings */,
				A9BD3FB21640180A00D8BAAA /* Images */,
				A9BD3F6C1640178000D8BAAA /* iOS Kickstarter-Info.plist */,
				A9BD3F6D1640178000D8BAAA /* InfoPlist.strings */,
				A9BD3F701640178000D8BAAA /* main.m */,
				A9BD3F721640178000D8BAAA /* iOS Kickstarter-Prefix.pch */,
				A9BD3F761640178000D8BAAA /* Default.png */,
				A9BD3F781640178000D8BAAA /* Default@2x.png */,
				A9BD3F7A1640178000D8BAAA /* Default-568h@2x.png */,
			);
			name = "Supporting Files";
			sourceTree = "<group>";
		};
		A9BD3F881640178000D8BAAA /* iOS KickstarterTests */ = {
			isa = PBXGroup;
			children = (
				A9BD3F8E1640178000D8BAAA /* iOS_KickstarterTests.h */,
				A9BD3F8F1640178000D8BAAA /* iOS_KickstarterTests.m */,
				A9BD3F891640178000D8BAAA /* Supporting Files */,
			);
			path = "iOS KickstarterTests";
			sourceTree = "<group>";
		};
		A9BD3F891640178000D8BAAA /* Supporting Files */ = {
			isa = PBXGroup;
			children = (
				A9BD3F8A1640178000D8BAAA /* iOS KickstarterTests-Info.plist */,
				A9BD3F8B1640178000D8BAAA /* InfoPlist.strings */,
			);
			name = "Supporting Files";
			sourceTree = "<group>";
		};
		A9BD3F99164017A000D8BAAA /* Views */ = {
			isa = PBXGroup;
			children = (
				A98C6BE616402FDE0059996C /* Custom Table Cells */,
				A98C6BDB164028FD0059996C /* JBMissionsViewController.xib */,
				A98C6BE0164029AC0059996C /* JBMissionDetailsViewController.xib */,
				A9BD3F9B164017C100D8BAAA /* JBAboutAppViewController.xib */,
				A9BD3F9C164017C100D8BAAA /* JBAccessoriesDetailViewController.xib */,
				A9BD3F9D164017C100D8BAAA /* JBAccessoriesViewController.xib */,
				A9BD3F9E164017C100D8BAAA /* JBDashboardViewController.xib */,
			);
			name = Views;
			sourceTree = "<group>";
		};
		A9BD3F9A164017AA00D8BAAA /* Controllers */ = {
			isa = PBXGroup;
			children = (
				A98C6BE9164030200059996C /* MissionCell */,
				A9BD3FA3164017DA00D8BAAA /* JBAboutAppViewController.h */,
				A9BD3FA8164017DA00D8BAAA /* JBAboutAppViewController.m */,
				A9BD3FA4164017DA00D8BAAA /* JBAccessoriesDetailViewController.h */,
				A9BD3FA9164017DA00D8BAAA /* JBAccessoriesDetailViewController.m */,
				A9BD3FA5164017DA00D8BAAA /* JBAccessoriesViewController.h */,
				A9BD3FAA164017DA00D8BAAA /* JBAccessoriesViewController.m */,
				A9BD3FA7164017DA00D8BAAA /* JBDashboardViewController.h */,
				A9BD3FAC164017DA00D8BAAA /* JBDashboardViewController.m */,
				A98C6BD9164028FC0059996C /* JBMissionsViewController.h */,
				A98C6BDA164028FD0059996C /* JBMissionsViewController.m */,
				A98C6BDE164029AC0059996C /* JBMissionDetailsViewController.h */,
				A98C6BDF164029AC0059996C /* JBMissionDetailsViewController.m */,
			);
			name = Controllers;
			sourceTree = "<group>";
		};
		A9BD3FB21640180A00D8BAAA /* Images */ = {
			isa = PBXGroup;
			children = (
				A954EC581641A0C300DD4DAD /* basket.png */,
				A954EC591641A0C300DD4DAD /* jogger.png */,
				A954EC5A1641A0C300DD4DAD /* runner.png */,
				A9BD3FB31640181400D8BAAA /* tamagotchi.jpg */,
			);
			name = Images;
			sourceTree = "<group>";
		};
/* End PBXGroup section */

/* Begin PBXNativeTarget section */
		A9BD3F5F1640178000D8BAAA /* iOS Kickstarter */ = {
			isa = PBXNativeTarget;
			buildConfigurationList = A9BD3F931640178000D8BAAA /* Build configuration list for PBXNativeTarget "iOS Kickstarter" */;
			buildPhases = (
				A9BD3F5C1640178000D8BAAA /* Sources */,
				A9BD3F5D1640178000D8BAAA /* Frameworks */,
				A9BD3F5E1640178000D8BAAA /* Resources */,
			);
			buildRules = (
			);
			dependencies = (
			);
			name = "iOS Kickstarter";
			productName = "iOS Kickstarter";
			productReference = A9BD3F601640178000D8BAAA /* iOS Kickstarter.app */;
			productType = "com.apple.product-type.application";
		};
		A9BD3F801640178000D8BAAA /* iOS KickstarterTests */ = {
			isa = PBXNativeTarget;
			buildConfigurationList = A9BD3F961640178000D8BAAA /* Build configuration list for PBXNativeTarget "iOS KickstarterTests" */;
			buildPhases = (
				A9BD3F7C1640178000D8BAAA /* Sources */,
				A9BD3F7D1640178000D8BAAA /* Frameworks */,
				A9BD3F7E1640178000D8BAAA /* Resources */,
				A9BD3F7F1640178000D8BAAA /* ShellScript */,
			);
			buildRules = (
			);
			dependencies = (
				A9BD3F871640178000D8BAAA /* PBXTargetDependency */,
			);
			name = "iOS KickstarterTests";
			productName = "iOS KickstarterTests";
			productReference = A9BD3F811640178000D8BAAA /* iOS KickstarterTests.octest */;
			productType = "com.apple.product-type.bundle";
		};
/* End PBXNativeTarget section */

/* Begin PBXProject section */
		A9BD3F571640178000D8BAAA /* Project object */ = {
			isa = PBXProject;
			attributes = {
				CLASSPREFIX = JB;
				LastUpgradeCheck = 0450;
				ORGANIZATIONNAME = JBeans;
			};
			buildConfigurationList = A9BD3F5A1640178000D8BAAA /* Build configuration list for PBXProject "iOS Kickstarter" */;
			compatibilityVersion = "Xcode 3.2";
			developmentRegion = English;
			hasScannedForEncodings = 0;
			knownRegions = (
				en,
				nb,
			);
			mainGroup = A9BD3F551640178000D8BAAA;
			productRefGroup = A9BD3F611640178000D8BAAA /* Products */;
			projectDirPath = "";
			projectRoot = "";
			targets = (
				A9BD3F5F1640178000D8BAAA /* iOS Kickstarter */,
				A9BD3F801640178000D8BAAA /* iOS KickstarterTests */,
			);
		};
/* End PBXProject section */

/* Begin PBXResourcesBuildPhase section */
		A9BD3F5E1640178000D8BAAA /* Resources */ = {
			isa = PBXResourcesBuildPhase;
			buildActionMask = 2147483647;
			files = (
				A9BD3F6F1640178000D8BAAA /* InfoPlist.strings in Resources */,
				A9BD3F771640178000D8BAAA /* Default.png in Resources */,
				A9BD3F791640178000D8BAAA /* Default@2x.png in Resources */,
				A9BD3F7B1640178000D8BAAA /* Default-568h@2x.png in Resources */,
				A9BD3F9F164017C100D8BAAA /* JBAboutAppViewController.xib in Resources */,
				A9BD3FA0164017C100D8BAAA /* JBAccessoriesDetailViewController.xib in Resources */,
				A9BD3FA1164017C100D8BAAA /* JBAccessoriesViewController.xib in Resources */,
				A9BD3FA2164017C100D8BAAA /* JBDashboardViewController.xib in Resources */,
				A9BD3FB41640181400D8BAAA /* tamagotchi.jpg in Resources */,
				A9BD3FC41640194B00D8BAAA /* Localizable.strings in Resources */,
				A98C6BDD164028FD0059996C /* JBMissionsViewController.xib in Resources */,
				A98C6BE2164029AC0059996C /* JBMissionDetailsViewController.xib in Resources */,
				A98C6BE8164030020059996C /* JBMissionCell.xib in Resources */,
				A954EC5B1641A0C300DD4DAD /* basket.png in Resources */,
				A954EC5C1641A0C300DD4DAD /* jogger.png in Resources */,
				A954EC5D1641A0C300DD4DAD /* runner.png in Resources */,
				A954444E1642519600AF89C9 /* calendar.png in Resources */,
				A954444F1642519600AF89C9 /* mug.png in Resources */,
				A95444501642519600AF89C9 /* thermo.png in Resources */,
			);
			runOnlyForDeploymentPostprocessing = 0;
		};
		A9BD3F7E1640178000D8BAAA /* Resources */ = {
			isa = PBXResourcesBuildPhase;
			buildActionMask = 2147483647;
			files = (
				A9BD3F8D1640178000D8BAAA /* InfoPlist.strings in Resources */,
			);
			runOnlyForDeploymentPostprocessing = 0;
		};
/* End PBXResourcesBuildPhase section */

/* Begin PBXShellScriptBuildPhase section */
		A9BD3F7F1640178000D8BAAA /* ShellScript */ = {
			isa = PBXShellScriptBuildPhase;
			buildActionMask = 2147483647;
			files = (
			);
			inputPaths = (
			);
			outputPaths = (
			);
			runOnlyForDeploymentPostprocessing = 0;
			shellPath = /bin/sh;
			shellScript = "# Run the unit tests in this test bundle.\n\"${SYSTEM_DEVELOPER_DIR}/Tools/RunUnitTests\"\n";
		};
/* End PBXShellScriptBuildPhase section */

/* Begin PBXSourcesBuildPhase section */
		A9BD3F5C1640178000D8BAAA /* Sources */ = {
			isa = PBXSourcesBuildPhase;
			buildActionMask = 2147483647;
			files = (
				A9BD3FB5164018A000D8BAAA /* JBAboutAppViewController.m in Sources */,
				A9BD3FB6164018A000D8BAAA /* JBAccessoriesDetailViewController.m in Sources */,
				A9BD3FB7164018A000D8BAAA /* JBAccessoriesViewController.m in Sources */,
				A9BD3FB8164018A000D8BAAA /* JBAccessory.m in Sources */,
				A9BD3FB9164018A000D8BAAA /* JBDashboardViewController.m in Sources */,
				A9BD3F711640178000D8BAAA /* main.m in Sources */,
				A9BD3F751640178000D8BAAA /* JBAppDelegate.m in Sources */,
				A98C6BD8164021B80059996C /* Reachability.m in Sources */,
				A98C6BDC164028FD0059996C /* JBMissionsViewController.m in Sources */,
				A98C6BE1164029AC0059996C /* JBMissionDetailsViewController.m in Sources */,
				A98C6BE516402EDB0059996C /* JBMission.m in Sources */,
				A98C6BEC164030750059996C /* JBMissionCell.m in Sources */,
			);
			runOnlyForDeploymentPostprocessing = 0;
		};
		A9BD3F7C1640178000D8BAAA /* Sources */ = {
			isa = PBXSourcesBuildPhase;
			buildActionMask = 2147483647;
			files = (
				A9BD3F901640178000D8BAAA /* iOS_KickstarterTests.m in Sources */,
				A9BD3FAD164017DA00D8BAAA /* JBAboutAppViewController.m in Sources */,
				A9BD3FAE164017DA00D8BAAA /* JBAccessoriesDetailViewController.m in Sources */,
				A9BD3FAF164017DA00D8BAAA /* JBAccessoriesViewController.m in Sources */,
				A9BD3FB0164017DA00D8BAAA /* JBAccessory.m in Sources */,
				A9BD3FB1164017DA00D8BAAA /* JBDashboardViewController.m in Sources */,
			);
			runOnlyForDeploymentPostprocessing = 0;
		};
/* End PBXSourcesBuildPhase section */

/* Begin PBXTargetDependency section */
		A9BD3F871640178000D8BAAA /* PBXTargetDependency */ = {
			isa = PBXTargetDependency;
			target = A9BD3F5F1640178000D8BAAA /* iOS Kickstarter */;
			targetProxy = A9BD3F861640178000D8BAAA /* PBXContainerItemProxy */;
		};
/* End PBXTargetDependency section */

/* Begin PBXVariantGroup section */
		A9BD3F6D1640178000D8BAAA /* InfoPlist.strings */ = {
			isa = PBXVariantGroup;
			children = (
				A9BD3F6E1640178000D8BAAA /* en */,
				A9BD3FC21640193600D8BAAA /* nb */,
			);
			name = InfoPlist.strings;
			sourceTree = "<group>";
		};
		A9BD3F8B1640178000D8BAAA /* InfoPlist.strings */ = {
			isa = PBXVariantGroup;
			children = (
				A9BD3F8C1640178000D8BAAA /* en */,
				A9BD3FC31640193600D8BAAA /* nb */,
			);
			name = InfoPlist.strings;
			sourceTree = "<group>";
		};
		A9BD3FC61640194B00D8BAAA /* Localizable.strings */ = {
			isa = PBXVariantGroup;
			children = (
				A9BD3FC51640194B00D8BAAA /* nb */,
				A9BD3FC71640195000D8BAAA /* en */,
			);
			name = Localizable.strings;
			sourceTree = "<group>";
		};
/* End PBXVariantGroup section */

/* Begin XCBuildConfiguration section */
		A9BD3F911640178000D8BAAA /* Debug */ = {
			isa = XCBuildConfiguration;
			buildSettings = {
				ALWAYS_SEARCH_USER_PATHS = NO;
				CLANG_CXX_LANGUAGE_STANDARD = "gnu++0x";
				CLANG_CXX_LIBRARY = "libc++";
				CLANG_ENABLE_OBJC_ARC = YES;
				CLANG_WARN_EMPTY_BODY = YES;
				CLANG_WARN__DUPLICATE_METHOD_MATCH = YES;
				"CODE_SIGN_IDENTITY[sdk=iphoneos*]" = "iPhone Developer";
				COPY_PHASE_STRIP = NO;
				GCC_C_LANGUAGE_STANDARD = gnu99;
				GCC_DYNAMIC_NO_PIC = NO;
				GCC_OPTIMIZATION_LEVEL = 0;
				GCC_PREPROCESSOR_DEFINITIONS = (
					"DEBUG=1",
					"$(inherited)",
				);
				GCC_SYMBOLS_PRIVATE_EXTERN = NO;
				GCC_WARN_ABOUT_RETURN_TYPE = YES;
				GCC_WARN_UNINITIALIZED_AUTOS = YES;
				GCC_WARN_UNUSED_VARIABLE = YES;
				IPHONEOS_DEPLOYMENT_TARGET = 6.0;
				ONLY_ACTIVE_ARCH = YES;
				SDKROOT = iphoneos;
				TARGETED_DEVICE_FAMILY = "1,2";
			};
			name = Debug;
		};
		A9BD3F921640178000D8BAAA /* Release */ = {
			isa = XCBuildConfiguration;
			buildSettings = {
				ALWAYS_SEARCH_USER_PATHS = NO;
				CLANG_CXX_LANGUAGE_STANDARD = "gnu++0x";
				CLANG_CXX_LIBRARY = "libc++";
				CLANG_ENABLE_OBJC_ARC = YES;
				CLANG_WARN_EMPTY_BODY = YES;
				CLANG_WARN__DUPLICATE_METHOD_MATCH = YES;
				"CODE_SIGN_IDENTITY[sdk=iphoneos*]" = "iPhone Developer";
				COPY_PHASE_STRIP = YES;
				GCC_C_LANGUAGE_STANDARD = gnu99;
				GCC_WARN_ABOUT_RETURN_TYPE = YES;
				GCC_WARN_UNINITIALIZED_AUTOS = YES;
				GCC_WARN_UNUSED_VARIABLE = YES;
				IPHONEOS_DEPLOYMENT_TARGET = 6.0;
				OTHER_CFLAGS = "-DNS_BLOCK_ASSERTIONS=1";
				SDKROOT = iphoneos;
				TARGETED_DEVICE_FAMILY = "1,2";
				VALIDATE_PRODUCT = YES;
			};
			name = Release;
		};
		A9BD3F941640178000D8BAAA /* Debug */ = {
			isa = XCBuildConfiguration;
			buildSettings = {
				FRAMEWORK_SEARCH_PATHS = (
					"$(inherited)",
					"\"$(SYSTEM_APPS_DIR)/Xcode.app/Contents/Developer/Library/Frameworks\"",
				);
				GCC_PRECOMPILE_PREFIX_HEADER = YES;
				GCC_PREFIX_HEADER = "iOS Kickstarter/iOS Kickstarter-Prefix.pch";
				INFOPLIST_FILE = "iOS Kickstarter/iOS Kickstarter-Info.plist";
				PRODUCT_NAME = "$(TARGET_NAME)";
				WRAPPER_EXTENSION = app;
			};
			name = Debug;
		};
		A9BD3F951640178000D8BAAA /* Release */ = {
			isa = XCBuildConfiguration;
			buildSettings = {
				FRAMEWORK_SEARCH_PATHS = (
					"$(inherited)",
					"\"$(SYSTEM_APPS_DIR)/Xcode.app/Contents/Developer/Library/Frameworks\"",
				);
				GCC_PRECOMPILE_PREFIX_HEADER = YES;
				GCC_PREFIX_HEADER = "iOS Kickstarter/iOS Kickstarter-Prefix.pch";
				INFOPLIST_FILE = "iOS Kickstarter/iOS Kickstarter-Info.plist";
				PRODUCT_NAME = "$(TARGET_NAME)";
				WRAPPER_EXTENSION = app;
			};
			name = Release;
		};
		A9BD3F971640178000D8BAAA /* Debug */ = {
			isa = XCBuildConfiguration;
			buildSettings = {
				BUNDLE_LOADER = "$(BUILT_PRODUCTS_DIR)/iOS Kickstarter.app/iOS Kickstarter";
				FRAMEWORK_SEARCH_PATHS = (
					"\"$(SDKROOT)/Developer/Library/Frameworks\"",
					"\"$(DEVELOPER_LIBRARY_DIR)/Frameworks\"",
				);
				GCC_PRECOMPILE_PREFIX_HEADER = YES;
				GCC_PREFIX_HEADER = "iOS Kickstarter/iOS Kickstarter-Prefix.pch";
				INFOPLIST_FILE = "iOS KickstarterTests/iOS KickstarterTests-Info.plist";
				PRODUCT_NAME = "$(TARGET_NAME)";
				TEST_HOST = "$(BUNDLE_LOADER)";
				WRAPPER_EXTENSION = octest;
			};
			name = Debug;
		};
		A9BD3F981640178000D8BAAA /* Release */ = {
			isa = XCBuildConfiguration;
			buildSettings = {
				BUNDLE_LOADER = "$(BUILT_PRODUCTS_DIR)/iOS Kickstarter.app/iOS Kickstarter";
				FRAMEWORK_SEARCH_PATHS = (
					"\"$(SDKROOT)/Developer/Library/Frameworks\"",
					"\"$(DEVELOPER_LIBRARY_DIR)/Frameworks\"",
				);
				GCC_PRECOMPILE_PREFIX_HEADER = YES;
				GCC_PREFIX_HEADER = "iOS Kickstarter/iOS Kickstarter-Prefix.pch";
				INFOPLIST_FILE = "iOS KickstarterTests/iOS KickstarterTests-Info.plist";
				PRODUCT_NAME = "$(TARGET_NAME)";
				TEST_HOST = "$(BUNDLE_LOADER)";
				WRAPPER_EXTENSION = octest;
			};
			name = Release;
		};
/* End XCBuildConfiguration section */

/* Begin XCConfigurationList section */
		A9BD3F5A1640178000D8BAAA /* Build configuration list for PBXProject "iOS Kickstarter" */ = {
			isa = XCConfigurationList;
			buildConfigurations = (
				A9BD3F911640178000D8BAAA /* Debug */,
				A9BD3F921640178000D8BAAA /* Release */,
			);
			defaultConfigurationIsVisible = 0;
			defaultConfigurationName = Release;
		};
		A9BD3F931640178000D8BAAA /* Build configuration list for PBXNativeTarget "iOS Kickstarter" */ = {
			isa = XCConfigurationList;
			buildConfigurations = (
				A9BD3F941640178000D8BAAA /* Debug */,
				A9BD3F951640178000D8BAAA /* Release */,
			);
			defaultConfigurationIsVisible = 0;
			defaultConfigurationName = Release;
		};
		A9BD3F961640178000D8BAAA /* Build configuration list for PBXNativeTarget "iOS KickstarterTests" */ = {
			isa = XCConfigurationList;
			buildConfigurations = (
				A9BD3F971640178000D8BAAA /* Debug */,
				A9BD3F981640178000D8BAAA /* Release */,
			);
			defaultConfigurationIsVisible = 0;
			defaultConfigurationName = Release;
		};
/* End XCConfigurationList section */
	};
	rootObject = A9BD3F571640178000D8BAAA /* Project object */;
}
